
Microsoft Visual Studio Solution File, Format Version 12.00
# Visual Studio 15
VisualStudioVersion = 15.0.27703.2042
MinimumVisualStudioVersion = 10.0.40219.1
Project("{FAE04EC0-301F-11D3-BF4B-00C04F79EFBC}") = "MP3Mapper", "MP3Mapper\MP3Mapper.csproj", "{7872D272-F1EF-4857-8325-B5B786E3421D}"
EndProject
Project("{FAE04EC0-301F-11D3-BF4B-00C04F79EFBC}") = "MP3MapperUnitTest", "MP3MapperUnitTest\MP3MapperUnitTest.csproj", "{9851A43E-439C-434E-A070-272C1F89CD59}"
EndProject
Project("{FAE04EC0-301F-11D3-BF4B-00C04F79EFBC}") = "MP3Mapper.Web", "MP3Mapper.Web\MP3Mapper.Web.csproj", "{DCACA927-7EB2-4083-A1BE-1FBF694B091B}"
EndProject
Global
	GlobalSection(SolutionConfigurationPlatforms) = preSolution
		Debug|Any CPU = Debug|Any CPU
		Release|Any CPU = Release|Any CPU
	EndGlobalSection
	GlobalSection(ProjectConfigurationPlatforms) = postSolution
		{7872D272-F1EF-4857-8325-B5B786E3421D}.Debug|Any CPU.ActiveCfg = Debug|Any CPU
		{7872D272-F1EF-4857-8325-B5B786E3421D}.Debug|Any CPU.Build.0 = Debug|Any CPU
		{7872D272-F1EF-4857-8325-B5B786E3421D}.Release|Any CPU.ActiveCfg = Release|Any CPU
		{7872D272-F1EF-4857-8325-B5B786E3421D}.Release|Any CPU.Build.0 = Release|Any CPU
		{9851A43E-439C-434E-A070-272C1F89CD59}.Debug|Any CPU.ActiveCfg = Debug|Any CPU
		{9851A43E-439C-434E-A070-272C1F89CD59}.Debug|Any CPU.Build.0 = Debug|Any CPU
		{9851A43E-439C-434E-A070-272C1F89CD59}.Release|Any CPU.ActiveCfg = Release|Any CPU
		{9851A43E-439C-434E-A070-272C1F89CD59}.Release|Any CPU.Build.0 = Release|Any CPU
		{DCACA927-7EB2-4083-A1BE-1FBF694B091B}.Debug|Any CPU.ActiveCfg = Debug|Any CPU
		{DCACA927-7EB2-4083-A1BE-1FBF694B091B}.Debug|Any CPU.Build.0 = Debug|Any CPU
		{DCACA927-7EB2-4083-A1BE-1FBF694B091B}.Release|Any CPU.ActiveCfg = Release|Any CPU
		{DCACA927-7EB2-4083-A1BE-1FBF694B091B}.Release|Any CPU.Build.0 = Release|Any CPU
	EndGlobalSection
	GlobalSection(SolutionProperties) = preSolution
		HideSolutionNode = FALSE
	EndGlobalSection
	GlobalSection(ExtensibilityGlobals) = postSolution
		SolutionGuid = {BBBF3C7A-444C-434D-A525-3FFEE3A83E10}
	EndGlobalSection
EndGlobal
